// !$*UTF8*$!
{
	archiveVersion = 1;
	classes = {
	};
	objectVersion = 56;
	objects = {

/* Begin PBXGroup section */
		8DC7AF862B28D13800D81F90 = {
			isa = PBXGroup;
			children = (
			);
			sourceTree = "<group>";
		};
/* End PBXGroup section */

/* Begin PBXProject section */
		8DC7AF872B28D13800D81F90 /* Project object */ = {
			isa = PBXProject;
			attributes = {
				BuildIndependentTargetsInParallel = 1;
				LastUpgradeCheck = 1500;
			};
			buildConfigurationList = 8DC7AF8A2B28D13800D81F90 /* Build configuration list for PBXProject "Desafio_Tecnico_IOS" */;
			compatibilityVersion = "Xcode 14.0";
			developmentRegion = en;
			hasScannedForEncodings = 0;
			knownRegions = (
				en,
				Base,
			);
			mainGroup = 8DC7AF862B28D13800D81F90;
			projectDirPath = "";
			projectRoot = "";
			targets = (
			);
		};
/* End PBXProject section */

/* Begin XCBuildConfiguration section */
		8DC7AF8B2B28D13800D81F90 /* Debug */ = {
			isa = XCBuildConfiguration;
			buildSettings = {
			};
			name = Debug;
		};
		8DC7AF8C2B28D13800D81F90 /* Release */ = {
			isa = XCBuildConfiguration;
			buildSettings = {
			};
			name = Release;
		};
/* End XCBuildConfiguration section */

/* Begin XCConfigurationList section */
		8DC7AF8A2B28D13800D81F90 /* Build configuration list for PBXProject "Desafio_Tecnico_IOS" */ = {
			isa = XCConfigurationList;
			buildConfigurations = (
				8DC7AF8B2B28D13800D81F90 /* Debug */,
				8DC7AF8C2B28D13800D81F90 /* Release */,
			);
			defaultConfigurationIsVisible = 0;
			defaultConfigurationName = Release;
		};
/* End XCConfigurationList section */
	};
	rootObject = 8DC7AF872B28D13800D81F90 /* Project object */;
}
