// !$*UTF8*$!
{
	archiveVersion = 1;
	classes = {
	};
	objectVersion = 56;
	objects = {

/* Begin PBXFileReference section */
		8DEB81DC2B28F4B5007C8BB4 /* Jukebox.playground */ = {isa = PBXFileReference; lastKnownFileType = file.playground; name = Jukebox.playground; path = ../Jukebox.playground; sourceTree = "<group>"; xcLanguageSpecificationIdentifier = xcode.lang.swift; };
/* End PBXFileReference section */

/* Begin PBXGroup section */
		8DEB81D52B28F49A007C8BB4 = {
			isa = PBXGroup;
			children = (
				8DEB81DC2B28F4B5007C8BB4 /* Jukebox.playground */,
			);
			sourceTree = "<group>";
		};
/* End PBXGroup section */

/* Begin PBXProject section */
		8DEB81D62B28F49A007C8BB4 /* Project object */ = {
			isa = PBXProject;
			attributes = {
				BuildIndependentTargetsInParallel = 1;
				LastUpgradeCheck = 1500;
			};
			buildConfigurationList = 8DEB81D92B28F49A007C8BB4 /* Build configuration list for PBXProject "Jukebox" */;
			compatibilityVersion = "Xcode 14.0";
			developmentRegion = en;
			hasScannedForEncodings = 0;
			knownRegions = (
				en,
				Base,
			);
			mainGroup = 8DEB81D52B28F49A007C8BB4;
			projectDirPath = "";
			projectRoot = "";
			targets = (
			);
		};
/* End PBXProject section */

/* Begin XCBuildConfiguration section */
		8DEB81DA2B28F49A007C8BB4 /* Debug */ = {
			isa = XCBuildConfiguration;
			buildSettings = {
			};
			name = Debug;
		};
		8DEB81DB2B28F49A007C8BB4 /* Release */ = {
			isa = XCBuildConfiguration;
			buildSettings = {
			};
			name = Release;
		};
/* End XCBuildConfiguration section */

/* Begin XCConfigurationList section */
		8DEB81D92B28F49A007C8BB4 /* Build configuration list for PBXProject "Jukebox" */ = {
			isa = XCConfigurationList;
			buildConfigurations = (
				8DEB81DA2B28F49A007C8BB4 /* Debug */,
				8DEB81DB2B28F49A007C8BB4 /* Release */,
			);
			defaultConfigurationIsVisible = 0;
			defaultConfigurationName = Release;
		};
/* End XCConfigurationList section */
	};
	rootObject = 8DEB81D62B28F49A007C8BB4 /* Project object */;
}
